
Microsoft Visual Studio Solution File, Format Version 12.00
# Visual Studio Version 17
VisualStudioVersion = 17.10.34707.107
MinimumVisualStudioVersion = 10.0.40219.1
Project("{FAE04EC0-301F-11D3-BF4B-00C04F79EFBC}") = "RepublicTK", "RepublicTK\RepublicTK.csproj", "{B8C90A1C-CA0F-4627-A0B4-0D28AB0E0FDB}"
EndProject
Project("{FAE04EC0-301F-11D3-BF4B-00C04F79EFBC}") = "RepublicTK.Models", "RepublicTK.Models\RepublicTK.Models.csproj", "{C19C3688-C291-4F4C-AAD8-729810FF4B89}"
EndProject
Global
	GlobalSection(SolutionConfigurationPlatforms) = preSolution
		Debug|Any CPU = Debug|Any CPU
		Release|Any CPU = Release|Any CPU
	EndGlobalSection
	GlobalSection(ProjectConfigurationPlatforms) = postSolution
		{DC26488D-5CF3-436C-B3C2-CB938DA78352}.Debug|Any CPU.ActiveCfg = Debug|Any CPU
		{DC26488D-5CF3-436C-B3C2-CB938DA78352}.Debug|Any CPU.Build.0 = Debug|Any CPU
		{DC26488D-5CF3-436C-B3C2-CB938DA78352}.Release|Any CPU.ActiveCfg = Release|Any CPU
		{DC26488D-5CF3-436C-B3C2-CB938DA78352}.Release|Any CPU.Build.0 = Release|Any CPU
		{1BADFC06-E048-4F49-9EE4-AA35DBCD12DB}.Debug|Any CPU.ActiveCfg = Debug|Any CPU
		{1BADFC06-E048-4F49-9EE4-AA35DBCD12DB}.Debug|Any CPU.Build.0 = Debug|Any CPU
		{1BADFC06-E048-4F49-9EE4-AA35DBCD12DB}.Release|Any CPU.ActiveCfg = Release|Any CPU
		{1BADFC06-E048-4F49-9EE4-AA35DBCD12DB}.Release|Any CPU.Build.0 = Release|Any CPU
		{42505330-B2D9-4228-8DDF-20D1F1C75E8D}.Debug|Any CPU.ActiveCfg = Debug|Any CPU
		{42505330-B2D9-4228-8DDF-20D1F1C75E8D}.Debug|Any CPU.Build.0 = Debug|Any CPU
		{42505330-B2D9-4228-8DDF-20D1F1C75E8D}.Release|Any CPU.ActiveCfg = Release|Any CPU
		{42505330-B2D9-4228-8DDF-20D1F1C75E8D}.Release|Any CPU.Build.0 = Release|Any CPU
		{C19C3688-C291-4F4C-AAD8-729810FF4B89}.Debug|Any CPU.ActiveCfg = Debug|Any CPU
		{C19C3688-C291-4F4C-AAD8-729810FF4B89}.Debug|Any CPU.Build.0 = Debug|Any CPU
		{C19C3688-C291-4F4C-AAD8-729810FF4B89}.Release|Any CPU.ActiveCfg = Release|Any CPU
		{C19C3688-C291-4F4C-AAD8-729810FF4B89}.Release|Any CPU.Build.0 = Release|Any CPU
		{B8C90A1C-CA0F-4627-A0B4-0D28AB0E0FDB}.Debug|Any CPU.ActiveCfg = Debug|Any CPU
		{B8C90A1C-CA0F-4627-A0B4-0D28AB0E0FDB}.Debug|Any CPU.Build.0 = Debug|Any CPU
		{B8C90A1C-CA0F-4627-A0B4-0D28AB0E0FDB}.Release|Any CPU.ActiveCfg = Release|Any CPU
		{B8C90A1C-CA0F-4627-A0B4-0D28AB0E0FDB}.Release|Any CPU.Build.0 = Release|Any CPU
	EndGlobalSection
	GlobalSection(SolutionProperties) = preSolution
		HideSolutionNode = FALSE
	EndGlobalSection
	GlobalSection(ExtensibilityGlobals) = postSolution
		SolutionGuid = {0CD3B629-9392-4E9D-B175-1C0AC80643A3}
	EndGlobalSection
EndGlobal
